
Microsoft Visual Studio Solution File, Format Version 12.00
# Visual Studio Version 17
VisualStudioVersion = 17.0.31903.59
MinimumVisualStudioVersion = 10.0.40219.1
Project("{2150E333-8FDC-42A3-9474-1A3956D46DE8}") = "sim", "sim", "{810A42C1-0309-B29B-2828-D52D429D8E2D}"
EndProject
Project("{FAE04EC0-301F-11D3-BF4B-00C04F79EFBC}") = "GunsOnly.Sim", "sim\GunsOnly.Sim.csproj", "{54187538-F333-469B-9683-FFD140CE3FB3}"
EndProject
Project("{2150E333-8FDC-42A3-9474-1A3956D46DE8}") = "sim.Tests", "sim.Tests", "{BDE484F3-F04D-B9F2-AEFB-24E143E696BB}"
EndProject
Project("{FAE04EC0-301F-11D3-BF4B-00C04F79EFBC}") = "GunsOnly.Sim.Tests", "sim.Tests\GunsOnly.Sim.Tests.csproj", "{A6B6A3E1-B2BC-44D7-AF56-E569603AE28D}"
EndProject
Project("{FAE04EC0-301F-11D3-BF4B-00C04F79EFBC}") = "GunsOnly", "GunsOnly.csproj", "{838834A8-404F-4BF5-8E72-0473B80370CC}"
EndProject
Global
	GlobalSection(SolutionConfigurationPlatforms) = preSolution
		Debug|Any CPU = Debug|Any CPU
		Debug|x64 = Debug|x64
		Debug|x86 = Debug|x86
		Release|Any CPU = Release|Any CPU
		Release|x64 = Release|x64
		Release|x86 = Release|x86
	EndGlobalSection
	GlobalSection(ProjectConfigurationPlatforms) = postSolution
		{54187538-F333-469B-9683-FFD140CE3FB3}.Debug|Any CPU.ActiveCfg = Debug|Any CPU
		{54187538-F333-469B-9683-FFD140CE3FB3}.Debug|Any CPU.Build.0 = Debug|Any CPU
		{54187538-F333-469B-9683-FFD140CE3FB3}.Debug|x64.ActiveCfg = Debug|Any CPU
		{54187538-F333-469B-9683-FFD140CE3FB3}.Debug|x64.Build.0 = Debug|Any CPU
		{54187538-F333-469B-9683-FFD140CE3FB3}.Debug|x86.ActiveCfg = Debug|Any CPU
		{54187538-F333-469B-9683-FFD140CE3FB3}.Debug|x86.Build.0 = Debug|Any CPU
		{54187538-F333-469B-9683-FFD140CE3FB3}.Release|Any CPU.ActiveCfg = Release|Any CPU
		{54187538-F333-469B-9683-FFD140CE3FB3}.Release|Any CPU.Build.0 = Release|Any CPU
		{54187538-F333-469B-9683-FFD140CE3FB3}.Release|x64.ActiveCfg = Release|Any CPU
		{54187538-F333-469B-9683-FFD140CE3FB3}.Release|x64.Build.0 = Release|Any CPU
		{54187538-F333-469B-9683-FFD140CE3FB3}.Release|x86.ActiveCfg = Release|Any CPU
		{54187538-F333-469B-9683-FFD140CE3FB3}.Release|x86.Build.0 = Release|Any CPU
		{A6B6A3E1-B2BC-44D7-AF56-E569603AE28D}.Debug|Any CPU.ActiveCfg = Debug|Any CPU
		{A6B6A3E1-B2BC-44D7-AF56-E569603AE28D}.Debug|Any CPU.Build.0 = Debug|Any CPU
		{A6B6A3E1-B2BC-44D7-AF56-E569603AE28D}.Debug|x64.ActiveCfg = Debug|Any CPU
		{A6B6A3E1-B2BC-44D7-AF56-E569603AE28D}.Debug|x64.Build.0 = Debug|Any CPU
		{A6B6A3E1-B2BC-44D7-AF56-E569603AE28D}.Debug|x86.ActiveCfg = Debug|Any CPU
		{A6B6A3E1-B2BC-44D7-AF56-E569603AE28D}.Debug|x86.Build.0 = Debug|Any CPU
		{A6B6A3E1-B2BC-44D7-AF56-E569603AE28D}.Release|Any CPU.ActiveCfg = Release|Any CPU
		{A6B6A3E1-B2BC-44D7-AF56-E569603AE28D}.Release|Any CPU.Build.0 = Release|Any CPU
		{A6B6A3E1-B2BC-44D7-AF56-E569603AE28D}.Release|x64.ActiveCfg = Release|Any CPU
		{A6B6A3E1-B2BC-44D7-AF56-E569603AE28D}.Release|x64.Build.0 = Release|Any CPU
		{A6B6A3E1-B2BC-44D7-AF56-E569603AE28D}.Release|x86.ActiveCfg = Release|Any CPU
		{A6B6A3E1-B2BC-44D7-AF56-E569603AE28D}.Release|x86.Build.0 = Release|Any CPU
		{838834A8-404F-4BF5-8E72-0473B80370CC}.Debug|Any CPU.ActiveCfg = Debug|Any CPU
		{838834A8-404F-4BF5-8E72-0473B80370CC}.Debug|Any CPU.Build.0 = Debug|Any CPU
		{838834A8-404F-4BF5-8E72-0473B80370CC}.Debug|x64.ActiveCfg = Debug|Any CPU
		{838834A8-404F-4BF5-8E72-0473B80370CC}.Debug|x64.Build.0 = Debug|Any CPU
		{838834A8-404F-4BF5-8E72-0473B80370CC}.Debug|x86.ActiveCfg = Debug|Any CPU
		{838834A8-404F-4BF5-8E72-0473B80370CC}.Debug|x86.Build.0 = Debug|Any CPU
		{838834A8-404F-4BF5-8E72-0473B80370CC}.Release|Any CPU.ActiveCfg = Debug|Any CPU
		{838834A8-404F-4BF5-8E72-0473B80370CC}.Release|Any CPU.Build.0 = Debug|Any CPU
		{838834A8-404F-4BF5-8E72-0473B80370CC}.Release|x64.ActiveCfg = Debug|Any CPU
		{838834A8-404F-4BF5-8E72-0473B80370CC}.Release|x64.Build.0 = Debug|Any CPU
		{838834A8-404F-4BF5-8E72-0473B80370CC}.Release|x86.ActiveCfg = Debug|Any CPU
		{838834A8-404F-4BF5-8E72-0473B80370CC}.Release|x86.Build.0 = Debug|Any CPU
	EndGlobalSection
	GlobalSection(SolutionProperties) = preSolution
		HideSolutionNode = FALSE
	EndGlobalSection
	GlobalSection(NestedProjects) = preSolution
		{54187538-F333-469B-9683-FFD140CE3FB3} = {810A42C1-0309-B29B-2828-D52D429D8E2D}
		{A6B6A3E1-B2BC-44D7-AF56-E569603AE28D} = {BDE484F3-F04D-B9F2-AEFB-24E143E696BB}
	EndGlobalSection
EndGlobal
